<?xml version="1.0" encoding="utf-8"?>
<Project ToolsVersion="4.0" xmlns="http://schemas.microsoft.com/developer/msbuild/2003">
  <ItemGroup>
    <Filter Include="Source Files">
      <UniqueIdentifier>{4FC737F1-C7A5-4376-A066-2A32D752A2FF}</UniqueIdentifier>
      <Extensions>cpp;c;cc;cxx;c++;cppm;ixx;def;odl;idl;hpj;bat;asm;asmx</Extensions>
    </Filter>
    <Filter Include="Header Files">
      <UniqueIdentifier>{93995380-89BD-4b04-88EB-625FBE52EBFB}</UniqueIdentifier>
      <Extensions>h;hh;hpp;hxx;h++;hm;inl;inc;ipp;xsd</Extensions>
    </Filter>
    <Filter Include="Resource Files">
      <UniqueIdentifier>{67DA6AB6-F800-4c08-8B7A-83BB121AAD01}</UniqueIdentifier>
      <Extensions>rc;ico;cur;bmp;dlg;rc2;rct;bin;rgs;gif;jpg;jpeg;jpe;resx;tiff;tif;png;wav;mfcribbon-ms</Extensions>
    </Filter>
    <Filter Include="Window">
      <UniqueIdentifier>{6ded7269-e20b-4742-bcc9-5ea177704d75}</UniqueIdentifier>
    </Filter>
    <Filter Include="Hook">
      <UniqueIdentifier>{3fa386b1-42ad-4d92-9f8c-3ed4a6e0b7a3}</UniqueIdentifier>
    </Filter>
    <Filter Include="Mem">
      <UniqueIdentifier>{3ba85822-ab5b-475e-bb1a-898a786e9ff7}</UniqueIdentifier>
    </Filter>
    <Filter Include="Structures">
      <UniqueIdentifier>{5f4df391-a639-43b5-9e09-a7e26c235f17}</UniqueIdentifier>
    </Filter>
    <Filter Include="Cheat">
      <UniqueIdentifier>{efe1ff5c-b5de-46ba-a639-e539b2e3b438}</UniqueIdentifier>
    </Filter>
    <Filter Include="Cheats">
      <UniqueIdentifier>{131c7790-d0dc-4802-a11f-d8a47ae1594c}</UniqueIdentifier>
    </Filter>
    <Filter Include="Utils">
      <UniqueIdentifier>{de6191e4-a16a-4541-accf-37e9bfc76a19}</UniqueIdentifier>
    </Filter>
  </ItemGroup>
  <ItemGroup>
    <ClInclude Include="framework.h">
      <Filter>Header Files</Filter>
    </ClInclude>
    <ClInclude Include="pch.h">
      <Filter>Header Files</Filter>
    </ClInclude>
    <ClInclude Include="Window.h">
      <Filter>Window</Filter>
    </ClInclude>
    <ClInclude Include="Option.h">
      <Filter>Window</Filter>
    </ClInclude>
    <ClInclude Include="Button.h">
      <Filter>Window</Filter>
    </ClInclude>
    <ClInclude Include="hook.h">
      <Filter>Hook</Filter>
    </ClInclude>
    <ClInclude Include="mem.h">
      <Filter>Mem</Filter>
    </ClInclude>
    <ClInclude Include="Structures.h">
      <Filter>Structures</Filter>
    </ClInclude>
    <ClInclude Include="Cheat.h">
      <Filter>Cheat</Filter>
    </ClInclude>
    <ClInclude Include="InfiniteGas.h">
      <Filter>Cheats</Filter>
    </ClInclude>
    <ClInclude Include="CheatManager.h">
      <Filter>Cheats</Filter>
    </ClInclude>
    <ClInclude Include="Functions.h">
      <Filter>Utils</Filter>
    </ClInclude>
    <ClInclude Include="InfiniteStress.h">
      <Filter>Cheats</Filter>
    </ClInclude>
  </ItemGroup>
  <ItemGroup>
    <ClCompile Include="dllmain.cpp">
      <Filter>Source Files</Filter>
    </ClCompile>
    <ClCompile Include="pch.cpp">
      <Filter>Source Files</Filter>
    </ClCompile>
    <ClCompile Include="Window.cpp">
      <Filter>Window</Filter>
    </ClCompile>
    <ClCompile Include="Button.cpp">
      <Filter>Window</Filter>
    </ClCompile>
    <ClCompile Include="Option.cpp">
      <Filter>Window</Filter>
    </ClCompile>
    <ClCompile Include="hook.cpp">
      <Filter>Hook</Filter>
    </ClCompile>
    <ClCompile Include="mem.cpp">
      <Filter>Mem</Filter>
    </ClCompile>
    <ClCompile Include="Structures.cpp">
      <Filter>Structures</Filter>
    </ClCompile>
    <ClCompile Include="Cheat.cpp">
      <Filter>Cheat</Filter>
    </ClCompile>
    <ClCompile Include="InfiniteGas.cpp">
      <Filter>Cheats</Filter>
    </ClCompile>
    <ClCompile Include="CheatManager.cpp">
      <Filter>Cheats</Filter>
    </ClCompile>
    <ClCompile Include="Functions.cpp">
      <Filter>Utils</Filter>
    </ClCompile>
    <ClCompile Include="InfiniteStress.cpp">
      <Filter>Cheats</Filter>
    </ClCompile>
  </ItemGroup>
</Project>